// !$*UTF8*$!
{
	archiveVersion = 1;
	classes = {
	};
	objectVersion = 50;
	objects = {

/* Begin PBXBuildFile section */
		C122DF3725086CF8004010F4 /* AppDelegate.swift in Sources */ = {isa = PBXBuildFile; fileRef = C122DF3625086CF8004010F4 /* AppDelegate.swift */; };
		C122DF3925086CF8004010F4 /* SceneDelegate.swift in Sources */ = {isa = PBXBuildFile; fileRef = C122DF3825086CF8004010F4 /* SceneDelegate.swift */; };
		C122DF3B25086CF8004010F4 /* ViewController.swift in Sources */ = {isa = PBXBuildFile; fileRef = C122DF3A25086CF8004010F4 /* ViewController.swift */; };
		C122DF3E25086CF8004010F4 /* Main.storyboard in Resources */ = {isa = PBXBuildFile; fileRef = C122DF3C25086CF8004010F4 /* Main.storyboard */; };
		C122DF4025086CFF004010F4 /* Assets.xcassets in Resources */ = {isa = PBXBuildFile; fileRef = C122DF3F25086CFF004010F4 /* Assets.xcassets */; };
		C122DF4325086CFF004010F4 /* LaunchScreen.storyboard in Resources */ = {isa = PBXBuildFile; fileRef = C122DF4125086CFF004010F4 /* LaunchScreen.storyboard */; };
/* End PBXBuildFile section */

/* Begin PBXFileReference section */
		C122DF3325086CF8004010F4 /* HWSProject1.app */ = {isa = PBXFileReference; explicitFileType = wrapper.application; includeInIndex = 0; path = HWSProject1.app; sourceTree = BUILT_PRODUCTS_DIR; };
		C122DF3625086CF8004010F4 /* AppDelegate.swift */ = {isa = PBXFileReference; lastKnownFileType = sourcecode.swift; path = AppDelegate.swift; sourceTree = "<group>"; };
		C122DF3825086CF8004010F4 /* SceneDelegate.swift */ = {isa = PBXFileReference; lastKnownFileType = sourcecode.swift; path = SceneDelegate.swift; sourceTree = "<group>"; };
		C122DF3A25086CF8004010F4 /* ViewController.swift */ = {isa = PBXFileReference; lastKnownFileType = sourcecode.swift; path = ViewController.swift; sourceTree = "<group>"; };
		C122DF3D25086CF8004010F4 /* Base */ = {isa = PBXFileReference; lastKnownFileType = file.storyboard; name = Base; path = Base.lproj/Main.storyboard; sourceTree = "<group>"; };
		C122DF3F25086CFF004010F4 /* Assets.xcassets */ = {isa = PBXFileReference; lastKnownFileType = folder.assetcatalog; path = Assets.xcassets; sourceTree = "<group>"; };
		C122DF4225086CFF004010F4 /* Base */ = {isa = PBXFileReference; lastKnownFileType = file.storyboard; name = Base; path = Base.lproj/LaunchScreen.storyboard; sourceTree = "<group>"; };
		C122DF4425086CFF004010F4 /* Info.plist */ = {isa = PBXFileReference; lastKnownFileType = text.plist.xml; path = Info.plist; sourceTree = "<group>"; };
/* End PBXFileReference section */

/* Begin PBXFrameworksBuildPhase section */
		C122DF3025086CF8004010F4 /* Frameworks */ = {
			isa = PBXFrameworksBuildPhase;
			buildActionMask = 2147483647;
			files = (
			);
			runOnlyForDeploymentPostprocessing = 0;
		};
/* End PBXFrameworksBuildPhase section */

/* Begin PBXGroup section */
		C122DF2A25086CF8004010F4 = {
			isa = PBXGroup;
			children = (
				C122DF3525086CF8004010F4 /* HWSProject1 */,
				C122DF3425086CF8004010F4 /* Products */,
			);
			sourceTree = "<group>";
		};
		C122DF3425086CF8004010F4 /* Products */ = {
			isa = PBXGroup;
			children = (
				C122DF3325086CF8004010F4 /* HWSProject1.app */,
			);
			name = Products;
			sourceTree = "<group>";
		};
		C122DF3525086CF8004010F4 /* HWSProject1 */ = {
			isa = PBXGroup;
			children = (
				C122DF3625086CF8004010F4 /* AppDelegate.swift */,
				C122DF3825086CF8004010F4 /* SceneDelegate.swift */,
				C122DF3A25086CF8004010F4 /* ViewController.swift */,
				C122DF3C25086CF8004010F4 /* Main.storyboard */,
				C122DF3F25086CFF004010F4 /* Assets.xcassets */,
				C122DF4125086CFF004010F4 /* LaunchScreen.storyboard */,
				C122DF4425086CFF004010F4 /* Info.plist */,
			);
			path = HWSProject1;
			sourceTree = "<group>";
		};
/* End PBXGroup section */

/* Begin PBXNativeTarget section */
		C122DF3225086CF8004010F4 /* HWSProject1 */ = {
			isa = PBXNativeTarget;
			buildConfigurationList = C122DF4725086CFF004010F4 /* Build configuration list for PBXNativeTarget "HWSProject1" */;
			buildPhases = (
				C122DF2F25086CF8004010F4 /* Sources */,
				C122DF3025086CF8004010F4 /* Frameworks */,
				C122DF3125086CF8004010F4 /* Resources */,
			);
			buildRules = (
			);
			dependencies = (
			);
			name = HWSProject1;
			productName = HWSProject1;
			productReference = C122DF3325086CF8004010F4 /* HWSProject1.app */;
			productType = "com.apple.product-type.application";
		};
/* End PBXNativeTarget section */

/* Begin PBXProject section */
		C122DF2B25086CF8004010F4 /* Project object */ = {
			isa = PBXProject;
			attributes = {
				LastSwiftUpdateCheck = 1160;
				LastUpgradeCheck = 1160;
				ORGANIZATIONNAME = "Jeff Morhous";
				TargetAttributes = {
					C122DF3225086CF8004010F4 = {
						CreatedOnToolsVersion = 11.6;
					};
				};
			};
			buildConfigurationList = C122DF2E25086CF8004010F4 /* Build configuration list for PBXProject "HWSProject1" */;
			compatibilityVersion = "Xcode 9.3";
			developmentRegion = en;
			hasScannedForEncodings = 0;
			knownRegions = (
				en,
				Base,
			);
			mainGroup = C122DF2A25086CF8004010F4;
			productRefGroup = C122DF3425086CF8004010F4 /* Products */;
			projectDirPath = "";
			projectRoot = "";
			targets = (
				C122DF3225086CF8004010F4 /* HWSProject1 */,
			);
		};
/* End PBXProject section */

/* Begin PBXResourcesBuildPhase section */
		C122DF3125086CF8004010F4 /* Resources */ = {
			isa = PBXResourcesBuildPhase;
			buildActionMask = 2147483647;
			files = (
				C122DF4325086CFF004010F4 /* LaunchScreen.storyboard in Resources */,
				C122DF4025086CFF004010F4 /* Assets.xcassets in Resources */,
				C122DF3E25086CF8004010F4 /* Main.storyboard in Resources */,
			);
			runOnlyForDeploymentPostprocessing = 0;
		};
/* End PBXResourcesBuildPhase section */

/* Begin PBXSourcesBuildPhase section */
		C122DF2F25086CF8004010F4 /* Sources */ = {
			isa = PBXSourcesBuildPhase;
			buildActionMask = 2147483647;
			files = (
				C122DF3B25086CF8004010F4 /* ViewController.swift in Sources */,
				C122DF3725086CF8004010F4 /* AppDelegate.swift in Sources */,
				C122DF3925086CF8004010F4 /* SceneDelegate.swift in Sources */,
			);
			runOnlyForDeploymentPostprocessing = 0;
		};
/* End PBXSourcesBuildPhase section */

/* Begin PBXVariantGroup section */
		C122DF3C25086CF8004010F4 /* Main.storyboard */ = {
			isa = PBXVariantGroup;
			children = (
				C122DF3D25086CF8004010F4 /* Base */,
			);
			name = Main.storyboard;
			sourceTree = "<group>";
		};
		C122DF4125086CFF004010F4 /* LaunchScreen.storyboard */ = {
			isa = PBXVariantGroup;
			children = (
				C122DF4225086CFF004010F4 /* Base */,
			);
			name = LaunchScreen.storyboard;
			sourceTree = "<group>";
		};
/* End PBXVariantGroup section */

/* Begin XCBuildConfiguration section */
		C122DF4525086CFF004010F4 /* Debug */ = {
			isa = XCBuildConfiguration;
			buildSettings = {
				ALWAYS_SEARCH_USER_PATHS = NO;
				CLANG_ANALYZER_NONNULL = YES;
				CLANG_ANALYZER_NUMBER_OBJECT_CONVERSION = YES_AGGRESSIVE;
				CLANG_CXX_LANGUAGE_STANDARD = "gnu++14";
				CLANG_CXX_LIBRARY = "libc++";
				CLANG_ENABLE_MODULES = YES;
				CLANG_ENABLE_OBJC_ARC = YES;
				CLANG_ENABLE_OBJC_WEAK = YES;
				CLANG_WARN_BLOCK_CAPTURE_AUTORELEASING = YES;
				CLANG_WARN_BOOL_CONVERSION = YES;
				CLANG_WARN_COMMA = YES;
				CLANG_WARN_CONSTANT_CONVERSION = YES;
				CLANG_WARN_DEPRECATED_OBJC_IMPLEMENTATIONS = YES;
				CLANG_WARN_DIRECT_OBJC_ISA_USAGE = YES_ERROR;
				CLANG_WARN_DOCUMENTATION_COMMENTS = YES;
				CLANG_WARN_EMPTY_BODY = YES;
				CLANG_WARN_ENUM_CONVERSION = YES;
				CLANG_WARN_INFINITE_RECURSION = YES;
				CLANG_WARN_INT_CONVERSION = YES;
				CLANG_WARN_NON_LITERAL_NULL_CONVERSION = YES;
				CLANG_WARN_OBJC_IMPLICIT_RETAIN_SELF = YES;
				CLANG_WARN_OBJC_LITERAL_CONVERSION = YES;
				CLANG_WARN_OBJC_ROOT_CLASS = YES_ERROR;
				CLANG_WARN_RANGE_LOOP_ANALYSIS = YES;
				CLANG_WARN_STRICT_PROTOTYPES = YES;
				CLANG_WARN_SUSPICIOUS_MOVE = YES;
				CLANG_WARN_UNGUARDED_AVAILABILITY = YES_AGGRESSIVE;
				CLANG_WARN_UNREACHABLE_CODE = YES;
				CLANG_WARN__DUPLICATE_METHOD_MATCH = YES;
				COPY_PHASE_STRIP = NO;
				DEBUG_INFORMATION_FORMAT = dwarf;
				ENABLE_STRICT_OBJC_MSGSEND = YES;
				ENABLE_TESTABILITY = YES;
				GCC_C_LANGUAGE_STANDARD = gnu11;
				GCC_DYNAMIC_NO_PIC = NO;
				GCC_NO_COMMON_BLOCKS = YES;
				GCC_OPTIMIZATION_LEVEL = 0;
				GCC_PREPROCESSOR_DEFINITIONS = (
					"DEBUG=1",
					"$(inherited)",
				);
				GCC_WARN_64_TO_32_BIT_CONVERSION = YES;
				GCC_WARN_ABOUT_RETURN_TYPE = YES_ERROR;
				GCC_WARN_UNDECLARED_SELECTOR = YES;
				GCC_WARN_UNINITIALIZED_AUTOS = YES_AGGRESSIVE;
				GCC_WARN_UNUSED_FUNCTION = YES;
				GCC_WARN_UNUSED_VARIABLE = YES;
				IPHONEOS_DEPLOYMENT_TARGET = 13.6;
				MTL_ENABLE_DEBUG_INFO = INCLUDE_SOURCE;
				MTL_FAST_MATH = YES;
				ONLY_ACTIVE_ARCH = YES;
				SDKROOT = iphoneos;
				SWIFT_ACTIVE_COMPILATION_CONDITIONS = DEBUG;
				SWIFT_OPTIMIZATION_LEVEL = "-Onone";
			};
			name = Debug;
		};
		C122DF4625086CFF004010F4 /* Release */ = {
			isa = XCBuildConfiguration;
			buildSettings = {
				ALWAYS_SEARCH_USER_PATHS = NO;
				CLANG_ANALYZER_NONNULL = YES;
				CLANG_ANALYZER_NUMBER_OBJECT_CONVERSION = YES_AGGRESSIVE;
				CLANG_CXX_LANGUAGE_STANDARD = "gnu++14";
				CLANG_CXX_LIBRARY = "libc++";
				CLANG_ENABLE_MODULES = YES;
				CLANG_ENABLE_OBJC_ARC = YES;
				CLANG_ENABLE_OBJC_WEAK = YES;
				CLANG_WARN_BLOCK_CAPTURE_AUTORELEASING = YES;
				CLANG_WARN_BOOL_CONVERSION = YES;
				CLANG_WARN_COMMA = YES;
				CLANG_WARN_CONSTANT_CONVERSION = YES;
				CLANG_WARN_DEPRECATED_OBJC_IMPLEMENTATIONS = YES;
				CLANG_WARN_DIRECT_OBJC_ISA_USAGE = YES_ERROR;
				CLANG_WARN_DOCUMENTATION_COMMENTS = YES;
				CLANG_WARN_EMPTY_BODY = YES;
				CLANG_WARN_ENUM_CONVERSION = YES;
				CLANG_WARN_INFINITE_RECURSION = YES;
				CLANG_WARN_INT_CONVERSION = YES;
				CLANG_WARN_NON_LITERAL_NULL_CONVERSION = YES;
				CLANG_WARN_OBJC_IMPLICIT_RETAIN_SELF = YES;
				CLANG_WARN_OBJC_LITERAL_CONVERSION = YES;
				CLANG_WARN_OBJC_ROOT_CLASS = YES_ERROR;
				CLANG_WARN_RANGE_LOOP_ANALYSIS = YES;
				CLANG_WARN_STRICT_PROTOTYPES = YES;
				CLANG_WARN_SUSPICIOUS_MOVE = YES;
				CLANG_WARN_UNGUARDED_AVAILABILITY = YES_AGGRESSIVE;
				CLANG_WARN_UNREACHABLE_CODE = YES;
				CLANG_WARN__DUPLICATE_METHOD_MATCH = YES;
				COPY_PHASE_STRIP = NO;
				DEBUG_INFORMATION_FORMAT = "dwarf-with-dsym";
				ENABLE_NS_ASSERTIONS = NO;
				ENABLE_STRICT_OBJC_MSGSEND = YES;
				GCC_C_LANGUAGE_STANDARD = gnu11;
				GCC_NO_COMMON_BLOCKS = YES;
				GCC_WARN_64_TO_32_BIT_CONVERSION = YES;
				GCC_WARN_ABOUT_RETURN_TYPE = YES_ERROR;
				GCC_WARN_UNDECLARED_SELECTOR = YES;
				GCC_WARN_UNINITIALIZED_AUTOS = YES_AGGRESSIVE;
				GCC_WARN_UNUSED_FUNCTION = YES;
				GCC_WARN_UNUSED_VARIABLE = YES;
				IPHONEOS_DEPLOYMENT_TARGET = 13.6;
				MTL_ENABLE_DEBUG_INFO = NO;
				MTL_FAST_MATH = YES;
				SDKROOT = iphoneos;
				SWIFT_COMPILATION_MODE = wholemodule;
				SWIFT_OPTIMIZATION_LEVEL = "-O";
				VALIDATE_PRODUCT = YES;
			};
			name = Release;
		};
		C122DF4825086CFF004010F4 /* Debug */ = {
			isa = XCBuildConfiguration;
			buildSettings = {
				ASSETCATALOG_COMPILER_APPICON_NAME = AppIcon;
				CODE_SIGN_STYLE = Automatic;
				DEVELOPMENT_TEAM = 73HY2224QR;
				INFOPLIST_FILE = HWSProject1/Info.plist;
				LD_RUNPATH_SEARCH_PATHS = (
					"$(inherited)",
					"@executable_path/Frameworks",
				);
				PRODUCT_BUNDLE_IDENTIFIER = com.jeffmorhous.HWSProject1;
				PRODUCT_NAME = "$(TARGET_NAME)";
				SWIFT_VERSION = 5.0;
				TARGETED_DEVICE_FAMILY = "1,2";
			};
			name = Debug;
		};
		C122DF4925086CFF004010F4 /* Release */ = {
			isa = XCBuildConfiguration;
			buildSettings = {
				ASSETCATALOG_COMPILER_APPICON_NAME = AppIcon;
				CODE_SIGN_STYLE = Automatic;
				DEVELOPMENT_TEAM = 73HY2224QR;
				INFOPLIST_FILE = HWSProject1/Info.plist;
				LD_RUNPATH_SEARCH_PATHS = (
					"$(inherited)",
					"@executable_path/Frameworks",
				);
				PRODUCT_BUNDLE_IDENTIFIER = com.jeffmorhous.HWSProject1;
				PRODUCT_NAME = "$(TARGET_NAME)";
				SWIFT_VERSION = 5.0;
				TARGETED_DEVICE_FAMILY = "1,2";
			};
			name = Release;
		};
/* End XCBuildConfiguration section */

/* Begin XCConfigurationList section */
		C122DF2E25086CF8004010F4 /* Build configuration list for PBXProject "HWSProject1" */ = {
			isa = XCConfigurationList;
			buildConfigurations = (
				C122DF4525086CFF004010F4 /* Debug */,
				C122DF4625086CFF004010F4 /* Release */,
			);
			defaultConfigurationIsVisible = 0;
			defaultConfigurationName = Release;
		};
		C122DF4725086CFF004010F4 /* Build configuration list for PBXNativeTarget "HWSProject1" */ = {
			isa = XCConfigurationList;
			buildConfigurations = (
				C122DF4825086CFF004010F4 /* Debug */,
				C122DF4925086CFF004010F4 /* Release */,
			);
			defaultConfigurationIsVisible = 0;
			defaultConfigurationName = Release;
		};
/* End XCConfigurationList section */
	};
	rootObject = C122DF2B25086CF8004010F4 /* Project object */;
}
